<Solution>
  <Folder Name="/Solution Items/">
    <File Path=".env" />
    <File Path=".gitattributes" />
    <File Path=".gitignore" />
    <File Path="Directory.Build.props" />
    <File Path="docker-compose.yml" />
    <File Path="dotnet-tools.json" />
    <File Path="Gas2s.slnx" />
    <File Path="README.md" />
  </Folder>
  <Folder Name="/src/">
    <Project Path="src/Api/Gas2s.Api.csproj" />
  </Folder>
  <Folder Name="/src/Modules/" />
  <Folder Name="/src/Modules/Expenses/">
    <Project Path="src/Modules/Expenses/Application/Expenses.Application.csproj" />
    <Project Path="src/Modules/Expenses/Domain/Expenses.Domain.csproj" />
    <Project Path="src/Modules/Expenses/Infrastructure/Expenses.Infrastructure.csproj" />
  </Folder>
  <Folder Name="/src/Modules/Identity/">
    <Project Path="src/Modules/Identity/Application/Identity.Application.csproj" />
    <Project Path="src/Modules/Identity/Domain/Identity.Domain.csproj" />
    <Project Path="src/Modules/Identity/Infrastructure/Identity.Infrastructure.csproj" />
  </Folder>
  <Folder Name="/src/Shared/">
    <Project Path="src/Shared/SharedKernel/Gas2s.SharedKernel.csproj" />
  </Folder>

  <Folder Name="/tests/">
    <Project Path="tests/IntegrationTests/Gas2s.IntegrationTests.csproj" />
    <Project Path="tests/UnitTests/Gas2s.UnitTests.csproj" />
  </Folder>
</Solution>
